{
  "name": "buche-cytoscape",
  "version": "0.0.0",
  "lockfileVersion": 1,
  "requires": true,
  "dependencies": {
    "add-event-listener": {
      "version": "0.0.1",
      "resolved": "https://registry.npmjs.org/add-event-listener/-/add-event-listener-0.0.1.tgz",
      "integrity": "sha1-p2Ip68ZMiu+uIEoWJzovJVq+otA="
    },
    "cytoscape": {
      "version": "3.2.5",
      "resolved": "https://registry.npmjs.org/cytoscape/-/cytoscape-3.2.5.tgz",
      "integrity": "sha1-zVCrn81qEuUdLo5aE/HlrrLNhMg=",
      "requires": {
        "heap": "0.2.6",
        "lodash.debounce": "4.0.8"
      }
    },
    "cytoscape-cola": {
      "version": "2.0.0",
      "resolved": "https://registry.npmjs.org/cytoscape-cola/-/cytoscape-cola-2.0.0.tgz",
      "integrity": "sha1-skWVKlqdBf2JZdoLl8BUVE8flGo=",
      "requires": {
        "webcola": "3.3.6"
      }
    },
    "cytoscape-dagre": {
      "version": "2.1.0",
      "resolved": "https://registry.npmjs.org/cytoscape-dagre/-/cytoscape-dagre-2.1.0.tgz",
      "integrity": "sha1-dDRa8Fr0uSl96nNkl6Xw932X4Ww=",
      "requires": {
        "dagre": "0.7.4"
      }
    },
    "d3-color": {
      "version": "1.0.3",
      "resolved": "https://registry.npmjs.org/d3-color/-/d3-color-1.0.3.tgz",
      "integrity": "sha1-vHZD/KjlOoNH4vva/6I2eWtYUJs="
    },
    "d3-dispatch": {
      "version": "1.0.3",
      "resolved": "https://registry.npmjs.org/d3-dispatch/-/d3-dispatch-1.0.3.tgz",
      "integrity": "sha1-RuFJHqqbWMNY/OW+TovtYm54cfg="
    },
    "d3-drag": {
      "version": "1.2.1",
      "resolved": "https://registry.npmjs.org/d3-drag/-/d3-drag-1.2.1.tgz",
      "integrity": "sha512-Cg8/K2rTtzxzrb0fmnYOUeZHvwa4PHzwXOLZZPwtEs2SKLLKLXeYwZKBB+DlOxUvFmarOnmt//cU4+3US2lyyQ==",
      "requires": {
        "d3-dispatch": "1.0.3",
        "d3-selection": "1.1.0"
      }
    },
    "d3-ease": {
      "version": "1.0.3",
      "resolved": "https://registry.npmjs.org/d3-ease/-/d3-ease-1.0.3.tgz",
      "integrity": "sha1-aL+8NJM4o4DETYrMT7wzBKotjA4="
    },
    "d3-interpolate": {
      "version": "1.1.5",
      "resolved": "https://registry.npmjs.org/d3-interpolate/-/d3-interpolate-1.1.5.tgz",
      "integrity": "sha1-aeCZ/zkhRxblY8muw+qdHqS4p58=",
      "requires": {
        "d3-color": "1.0.3"
      }
    },
    "d3-selection": {
      "version": "1.1.0",
      "resolved": "https://registry.npmjs.org/d3-selection/-/d3-selection-1.1.0.tgz",
      "integrity": "sha1-GZhoSJZIj4OcoDchI9o08dMYgJw="
    },
    "d3-timer": {
      "version": "1.0.7",
      "resolved": "https://registry.npmjs.org/d3-timer/-/d3-timer-1.0.7.tgz",
      "integrity": "sha512-vMZXR88XujmG/L5oB96NNKH5lCWwiLM/S2HyyAQLcjWJCloK5shxta4CwOFYLZoY3AWX73v8Lgv4cCAdWtRmOA=="
    },
    "d3-transition": {
      "version": "1.1.0",
      "resolved": "https://registry.npmjs.org/d3-transition/-/d3-transition-1.1.0.tgz",
      "integrity": "sha1-z8hcdOUjkyQpBUZiNXKZBWDDlm8=",
      "requires": {
        "d3-color": "1.0.3",
        "d3-dispatch": "1.0.3",
        "d3-ease": "1.0.3",
        "d3-interpolate": "1.1.5",
        "d3-selection": "1.1.0",
        "d3-timer": "1.0.7"
      }
    },
    "d3-zoom": {
      "version": "1.7.1",
      "resolved": "https://registry.npmjs.org/d3-zoom/-/d3-zoom-1.7.1.tgz",
      "integrity": "sha512-sZHQ55DGq5BZBFGnRshUT8tm2sfhPHFnOlmPbbwTkAoPeVdRTkB4Xsf9GCY0TSHrTD8PeJPZGmP/TpGicwJDJQ==",
      "requires": {
        "d3-dispatch": "1.0.3",
        "d3-drag": "1.2.1",
        "d3-interpolate": "1.1.5",
        "d3-selection": "1.1.0",
        "d3-transition": "1.1.0"
      }
    },
    "dagre": {
      "version": "0.7.4",
      "resolved": "https://registry.npmjs.org/dagre/-/dagre-0.7.4.tgz",
      "integrity": "sha1-3nLw50pVDOEc5jjwoTb+1xI5gCI=",
      "requires": {
        "graphlib": "1.0.7",
        "lodash": "3.10.1"
      }
    },
    "fullscreen": {
      "version": "1.1.1",
      "resolved": "https://registry.npmjs.org/fullscreen/-/fullscreen-1.1.1.tgz",
      "integrity": "sha1-uQF8O/myPgfv/Ru86RDPXsJFkSk=",
      "requires": {
        "add-event-listener": "0.0.1"
      }
    },
    "graphlib": {
      "version": "1.0.7",
      "resolved": "https://registry.npmjs.org/graphlib/-/graphlib-1.0.7.tgz",
      "integrity": "sha1-DKst8P/mq+BwsmJb+h7bbslnuLE=",
      "requires": {
        "lodash": "3.10.1"
      }
    },
    "graphlib-dot": {
      "version": "0.6.2",
      "resolved": "https://registry.npmjs.org/graphlib-dot/-/graphlib-dot-0.6.2.tgz",
      "integrity": "sha1-hy6TPQuzSUMMuBOiSRlD0cXx6VI=",
      "requires": {
        "graphlib": "1.0.7",
        "lodash": "2.4.2"
      },
      "dependencies": {
        "lodash": {
          "version": "2.4.2",
          "resolved": "https://registry.npmjs.org/lodash/-/lodash-2.4.2.tgz",
          "integrity": "sha1-+t2DS5aDBz2hebPq5tnA0VBT9z4="
        }
      }
    },
    "heap": {
      "version": "0.2.6",
      "resolved": "https://registry.npmjs.org/heap/-/heap-0.2.6.tgz",
      "integrity": "sha1-CH4fELBGky/IWU3Z5tN4r8nR5aw="
    },
    "jquery": {
      "version": "3.2.1",
      "resolved": "https://registry.npmjs.org/jquery/-/jquery-3.2.1.tgz",
      "integrity": "sha1-XE2d5lKvbNCncBVKYxu6ErAVx4c="
    },
    "lodash": {
      "version": "3.10.1",
      "resolved": "https://registry.npmjs.org/lodash/-/lodash-3.10.1.tgz",
      "integrity": "sha1-W/Rejkm6QYnhfUgnid/RW9FAt7Y="
    },
    "lodash.debounce": {
      "version": "4.0.8",
      "resolved": "https://registry.npmjs.org/lodash.debounce/-/lodash.debounce-4.0.8.tgz",
      "integrity": "sha1-gteb/zCmfEAF/9XiUVMArZyk168="
    },
    "webcola": {
      "version": "3.3.6",
      "resolved": "https://registry.npmjs.org/webcola/-/webcola-3.3.6.tgz",
      "integrity": "sha1-bsC8enKzxGei8jRqhmfYi0OaA7Q=",
      "requires": {
        "d3-dispatch": "1.0.3",
        "d3-drag": "1.2.1",
        "d3-timer": "1.0.7",
        "d3-zoom": "1.7.1",
        "fullscreen": "1.1.1",
        "graphlib-dot": "0.6.2",
        "jquery": "3.2.1"
      }
    }
  }
}
